
Microsoft Visual Studio Solution File, Format Version 12.00
# Visual Studio 15
VisualStudioVersion = 15.0.28307.1231
MinimumVisualStudioVersion = 10.0.40219.1
Project("{FAE04EC0-301F-11D3-BF4B-00C04F79EFBC}") = "ESportRaise.FrontEnd.WEB", "ESportRaise.FrontEnd.WEB\ESportRaise.FrontEnd.WEB.csproj", "{C0B95DF5-6788-4B9B-8473-C7DB1BE182AF}"
EndProject
Global
	GlobalSection(SolutionConfigurationPlatforms) = preSolution
		Debug|Any CPU = Debug|Any CPU
		Release|Any CPU = Release|Any CPU
	EndGlobalSection
	GlobalSection(ProjectConfigurationPlatforms) = postSolution
		{C0B95DF5-6788-4B9B-8473-C7DB1BE182AF}.Debug|Any CPU.ActiveCfg = Debug|Any CPU
		{C0B95DF5-6788-4B9B-8473-C7DB1BE182AF}.Debug|Any CPU.Build.0 = Debug|Any CPU
		{C0B95DF5-6788-4B9B-8473-C7DB1BE182AF}.Release|Any CPU.ActiveCfg = Release|Any CPU
		{C0B95DF5-6788-4B9B-8473-C7DB1BE182AF}.Release|Any CPU.Build.0 = Release|Any CPU
	EndGlobalSection
	GlobalSection(SolutionProperties) = preSolution
		HideSolutionNode = FALSE
	EndGlobalSection
	GlobalSection(ExtensibilityGlobals) = postSolution
		SolutionGuid = {52F0F34A-3BAB-4708-8F11-901DBB3DD749}
	EndGlobalSection
EndGlobal
